// !$*UTF8*$!
{
	archiveVersion = 1;
	classes = {
	};
	objectVersion = 77;
	objects = {

/* Begin PBXBuildFile section */
		2A62F3E32FFF07150069F985 /* AppDelegate.swift in Sources */ = {isa = PBXBuildFile; fileRef = 2A62F3E22FFF07150069F985 /* AppDelegate.swift */; };
		2A62F3E72FFF07150069F985 /* Main.html in Resources */ = {isa = PBXBuildFile; fileRef = 2A62F3E52FFF07150069F985 /* Main.html */; };
		2A62F3E92FFF07150069F985 /* Icon.png in Resources */ = {isa = PBXBuildFile; fileRef = 2A62F3E82FFF07150069F985 /* Icon.png */; };
		2A62F3EB2FFF07150069F985 /* Style.css in Resources */ = {isa = PBXBuildFile; fileRef = 2A62F3EA2FFF07150069F985 /* Style.css */; };
		2A62F3ED2FFF07150069F985 /* Script.js in Resources */ = {isa = PBXBuildFile; fileRef = 2A62F3EC2FFF07150069F985 /* Script.js */; };
		2A62F3EF2FFF07150069F985 /* ViewController.swift in Sources */ = {isa = PBXBuildFile; fileRef = 2A62F3EE2FFF07150069F985 /* ViewController.swift */; };
		2A62F3F22FFF07150069F985 /* Main.storyboard in Resources */ = {isa = PBXBuildFile; fileRef = 2A62F3F02FFF07150069F985 /* Main.storyboard */; };
		2A62F3F42FFF07160069F985 /* Assets.xcassets in Resources */ = {isa = PBXBuildFile; fileRef = 2A62F3F32FFF07160069F985 /* Assets.xcassets */; };
		2A62F3FB2FFF07160069F985 /* Safari Tab Sleeper Extension.appex in Embed Foundation Extensions */ = {isa = PBXBuildFile; fileRef = 2A62F3FA2FFF07160069F985 /* Safari Tab Sleeper Extension.appex */; settings = {ATTRIBUTES = (RemoveHeadersOnCopy, ); }; };
		2A62F4002FFF07160069F985 /* SafariWebExtensionHandler.swift in Sources */ = {isa = PBXBuildFile; fileRef = 2A62F3FF2FFF07160069F985 /* SafariWebExtensionHandler.swift */; };
		2A62F4142FFF07170069F985 /* background in Resources */ = {isa = PBXBuildFile; fileRef = 2A62F40C2FFF07170069F985 /* background */; };
		2A62F4152FFF07170069F985 /* options in Resources */ = {isa = PBXBuildFile; fileRef = 2A62F40D2FFF07170069F985 /* options */; };
		2A62F4162FFF07170069F985 /* popup in Resources */ = {isa = PBXBuildFile; fileRef = 2A62F40E2FFF07170069F985 /* popup */; };
		2A62F4172FFF07170069F985 /* sleep in Resources */ = {isa = PBXBuildFile; fileRef = 2A62F40F2FFF07170069F985 /* sleep */; };
		2A62F4182FFF07170069F985 /* content in Resources */ = {isa = PBXBuildFile; fileRef = 2A62F4102FFF07170069F985 /* content */; };
		2A62F4192FFF07170069F985 /* shared in Resources */ = {isa = PBXBuildFile; fileRef = 2A62F4112FFF07170069F985 /* shared */; };
		2A62F41A2FFF07170069F985 /* icons in Resources */ = {isa = PBXBuildFile; fileRef = 2A62F4122FFF07170069F985 /* icons */; };
		2A62F41B2FFF07170069F985 /* manifest.json in Resources */ = {isa = PBXBuildFile; fileRef = 2A62F4132FFF07170069F985 /* manifest.json */; };
/* End PBXBuildFile section */

/* Begin PBXContainerItemProxy section */
		2A62F3FC2FFF07160069F985 /* PBXContainerItemProxy */ = {
			isa = PBXContainerItemProxy;
			containerPortal = 2A62F3D72FFF07150069F985 /* Project object */;
			proxyType = 1;
			remoteGlobalIDString = 2A62F3F92FFF07160069F985;
			remoteInfo = "Safari Tab Sleeper Extension";
		};
/* End PBXContainerItemProxy section */

/* Begin PBXCopyFilesBuildPhase section */
		2A62F4072FFF07160069F985 /* Embed Foundation Extensions */ = {
			isa = PBXCopyFilesBuildPhase;
			buildActionMask = 2147483647;
			dstPath = "";
			dstSubfolderSpec = 13;
			files = (
				2A62F3FB2FFF07160069F985 /* Safari Tab Sleeper Extension.appex in Embed Foundation Extensions */,
			);
			name = "Embed Foundation Extensions";
			runOnlyForDeploymentPostprocessing = 0;
		};
/* End PBXCopyFilesBuildPhase section */

/* Begin PBXFileReference section */
		2A62F3DF2FFF07150069F985 /* Safari Tab Sleeper.app */ = {isa = PBXFileReference; explicitFileType = wrapper.application; includeInIndex = 0; path = "Safari Tab Sleeper.app"; sourceTree = BUILT_PRODUCTS_DIR; };
		2A62F3E22FFF07150069F985 /* AppDelegate.swift */ = {isa = PBXFileReference; lastKnownFileType = sourcecode.swift; path = AppDelegate.swift; sourceTree = "<group>"; };
		2A62F3E62FFF07150069F985 /* Base */ = {isa = PBXFileReference; lastKnownFileType = text.html; name = Base; path = Base.lproj/Main.html; sourceTree = "<group>"; };
		2A62F3E82FFF07150069F985 /* Icon.png */ = {isa = PBXFileReference; lastKnownFileType = image.png; path = Icon.png; sourceTree = "<group>"; };
		2A62F3EA2FFF07150069F985 /* Style.css */ = {isa = PBXFileReference; lastKnownFileType = text.css; path = Style.css; sourceTree = "<group>"; };
		2A62F3EC2FFF07150069F985 /* Script.js */ = {isa = PBXFileReference; lastKnownFileType = sourcecode.javascript; path = Script.js; sourceTree = "<group>"; };
		2A62F3EE2FFF07150069F985 /* ViewController.swift */ = {isa = PBXFileReference; lastKnownFileType = sourcecode.swift; path = ViewController.swift; sourceTree = "<group>"; };
		2A62F3F12FFF07150069F985 /* Base */ = {isa = PBXFileReference; lastKnownFileType = file.storyboard; name = Base; path = Base.lproj/Main.storyboard; sourceTree = "<group>"; };
		2A62F3F32FFF07160069F985 /* Assets.xcassets */ = {isa = PBXFileReference; lastKnownFileType = folder.assetcatalog; path = Assets.xcassets; sourceTree = "<group>"; };
		2A62F3F52FFF07160069F985 /* Info.plist */ = {isa = PBXFileReference; lastKnownFileType = text.plist.xml; path = Info.plist; sourceTree = "<group>"; };
		2A62F3FA2FFF07160069F985 /* Safari Tab Sleeper Extension.appex */ = {isa = PBXFileReference; explicitFileType = "wrapper.app-extension"; includeInIndex = 0; path = "Safari Tab Sleeper Extension.appex"; sourceTree = BUILT_PRODUCTS_DIR; };
		2A62F3FF2FFF07160069F985 /* SafariWebExtensionHandler.swift */ = {isa = PBXFileReference; lastKnownFileType = sourcecode.swift; path = SafariWebExtensionHandler.swift; sourceTree = "<group>"; };
		2A62F4012FFF07160069F985 /* Info.plist */ = {isa = PBXFileReference; lastKnownFileType = text.plist.xml; path = Info.plist; sourceTree = "<group>"; };
		2A62F40C2FFF07170069F985 /* background */ = {isa = PBXFileReference; lastKnownFileType = folder; name = background; path = Resources/background; sourceTree = "<group>"; };
		2A62F40D2FFF07170069F985 /* options */ = {isa = PBXFileReference; lastKnownFileType = folder; name = options; path = Resources/options; sourceTree = "<group>"; };
		2A62F40E2FFF07170069F985 /* popup */ = {isa = PBXFileReference; lastKnownFileType = folder; name = popup; path = Resources/popup; sourceTree = "<group>"; };
		2A62F40F2FFF07170069F985 /* sleep */ = {isa = PBXFileReference; lastKnownFileType = folder; name = sleep; path = Resources/sleep; sourceTree = "<group>"; };
		2A62F4102FFF07170069F985 /* content */ = {isa = PBXFileReference; lastKnownFileType = folder; name = content; path = Resources/content; sourceTree = "<group>"; };
		2A62F4112FFF07170069F985 /* shared */ = {isa = PBXFileReference; lastKnownFileType = folder; name = shared; path = Resources/shared; sourceTree = "<group>"; };
		2A62F4122FFF07170069F985 /* icons */ = {isa = PBXFileReference; lastKnownFileType = folder; name = icons; path = Resources/icons; sourceTree = "<group>"; };
		2A62F4132FFF07170069F985 /* manifest.json */ = {isa = PBXFileReference; lastKnownFileType = text.json; name = manifest.json; path = Resources/manifest.json; sourceTree = "<group>"; };
/* End PBXFileReference section */

/* Begin PBXFrameworksBuildPhase section */
		2A62F3DC2FFF07150069F985 /* Frameworks */ = {
			isa = PBXFrameworksBuildPhase;
			buildActionMask = 2147483647;
			files = (
			);
			runOnlyForDeploymentPostprocessing = 0;
		};
		2A62F3F72FFF07160069F985 /* Frameworks */ = {
			isa = PBXFrameworksBuildPhase;
			buildActionMask = 2147483647;
			files = (
			);
			runOnlyForDeploymentPostprocessing = 0;
		};
/* End PBXFrameworksBuildPhase section */

/* Begin PBXGroup section */
		2A62F3D62FFF07150069F985 = {
			isa = PBXGroup;
			children = (
				2A62F3E12FFF07150069F985 /* Safari Tab Sleeper */,
				2A62F3FE2FFF07160069F985 /* Safari Tab Sleeper Extension */,
				2A62F3E02FFF07150069F985 /* Products */,
			);
			sourceTree = "<group>";
		};
		2A62F3E02FFF07150069F985 /* Products */ = {
			isa = PBXGroup;
			children = (
				2A62F3DF2FFF07150069F985 /* Safari Tab Sleeper.app */,
				2A62F3FA2FFF07160069F985 /* Safari Tab Sleeper Extension.appex */,
			);
			name = Products;
			sourceTree = "<group>";
		};
		2A62F3E12FFF07150069F985 /* Safari Tab Sleeper */ = {
			isa = PBXGroup;
			children = (
				2A62F3E22FFF07150069F985 /* AppDelegate.swift */,
				2A62F3EE2FFF07150069F985 /* ViewController.swift */,
				2A62F3F02FFF07150069F985 /* Main.storyboard */,
				2A62F3F32FFF07160069F985 /* Assets.xcassets */,
				2A62F3F52FFF07160069F985 /* Info.plist */,
				2A62F3E42FFF07150069F985 /* Resources */,
			);
			path = "Safari Tab Sleeper";
			sourceTree = "<group>";
		};
		2A62F3E42FFF07150069F985 /* Resources */ = {
			isa = PBXGroup;
			children = (
				2A62F3E52FFF07150069F985 /* Main.html */,
				2A62F3E82FFF07150069F985 /* Icon.png */,
				2A62F3EA2FFF07150069F985 /* Style.css */,
				2A62F3EC2FFF07150069F985 /* Script.js */,
			);
			path = Resources;
			sourceTree = "<group>";
		};
		2A62F3FE2FFF07160069F985 /* Safari Tab Sleeper Extension */ = {
			isa = PBXGroup;
			children = (
				2A62F40B2FFF07170069F985 /* Resources */,
				2A62F3FF2FFF07160069F985 /* SafariWebExtensionHandler.swift */,
				2A62F4012FFF07160069F985 /* Info.plist */,
			);
			path = "Safari Tab Sleeper Extension";
			sourceTree = "<group>";
		};
		2A62F40B2FFF07170069F985 /* Resources */ = {
			isa = PBXGroup;
			children = (
				2A62F40C2FFF07170069F985 /* background */,
				2A62F40D2FFF07170069F985 /* options */,
				2A62F40E2FFF07170069F985 /* popup */,
				2A62F40F2FFF07170069F985 /* sleep */,
				2A62F4102FFF07170069F985 /* content */,
				2A62F4112FFF07170069F985 /* shared */,
				2A62F4122FFF07170069F985 /* icons */,
				2A62F4132FFF07170069F985 /* manifest.json */,
			);
			name = Resources;
			path = "Safari Tab Sleeper Extension";
			sourceTree = SOURCE_ROOT;
		};
/* End PBXGroup section */

/* Begin PBXNativeTarget section */
		2A62F3DE2FFF07150069F985 /* Safari Tab Sleeper */ = {
			isa = PBXNativeTarget;
			buildConfigurationList = 2A62F4082FFF07160069F985 /* Build configuration list for PBXNativeTarget "Safari Tab Sleeper" */;
			buildPhases = (
				2A62F3DB2FFF07150069F985 /* Sources */,
				2A62F3DC2FFF07150069F985 /* Frameworks */,
				2A62F3DD2FFF07150069F985 /* Resources */,
				2A62F4072FFF07160069F985 /* Embed Foundation Extensions */,
			);
			buildRules = (
			);
			dependencies = (
				2A62F3FD2FFF07160069F985 /* PBXTargetDependency */,
			);
			name = "Safari Tab Sleeper";
			packageProductDependencies = (
			);
			productName = "Safari Tab Sleeper";
			productReference = 2A62F3DF2FFF07150069F985 /* Safari Tab Sleeper.app */;
			productType = "com.apple.product-type.application";
		};
		2A62F3F92FFF07160069F985 /* Safari Tab Sleeper Extension */ = {
			isa = PBXNativeTarget;
			buildConfigurationList = 2A62F4042FFF07160069F985 /* Build configuration list for PBXNativeTarget "Safari Tab Sleeper Extension" */;
			buildPhases = (
				2A62F3F62FFF07160069F985 /* Sources */,
				2A62F3F72FFF07160069F985 /* Frameworks */,
				2A62F3F82FFF07160069F985 /* Resources */,
			);
			buildRules = (
			);
			dependencies = (
			);
			name = "Safari Tab Sleeper Extension";
			packageProductDependencies = (
			);
			productName = "Safari Tab Sleeper Extension";
			productReference = 2A62F3FA2FFF07160069F985 /* Safari Tab Sleeper Extension.appex */;
			productType = "com.apple.product-type.app-extension";
		};
/* End PBXNativeTarget section */

/* Begin PBXProject section */
		2A62F3D72FFF07150069F985 /* Project object */ = {
			isa = PBXProject;
			attributes = {
				BuildIndependentTargetsInParallel = 1;
				LastSwiftUpdateCheck = 2630;
				LastUpgradeCheck = 2630;
				TargetAttributes = {
					2A62F3DE2FFF07150069F985 = {
						CreatedOnToolsVersion = 26.3;
					};
					2A62F3F92FFF07160069F985 = {
						CreatedOnToolsVersion = 26.3;
					};
				};
			};
			buildConfigurationList = 2A62F3DA2FFF07150069F985 /* Build configuration list for PBXProject "Safari Tab Sleeper" */;
			developmentRegion = en;
			hasScannedForEncodings = 0;
			knownRegions = (
				en,
				Base,
			);
			mainGroup = 2A62F3D62FFF07150069F985;
			minimizedProjectReferenceProxies = 1;
			preferredProjectObjectVersion = 77;
			productRefGroup = 2A62F3E02FFF07150069F985 /* Products */;
			projectDirPath = "";
			projectRoot = "";
			targets = (
				2A62F3DE2FFF07150069F985 /* Safari Tab Sleeper */,
				2A62F3F92FFF07160069F985 /* Safari Tab Sleeper Extension */,
			);
		};
/* End PBXProject section */

/* Begin PBXResourcesBuildPhase section */
		2A62F3DD2FFF07150069F985 /* Resources */ = {
			isa = PBXResourcesBuildPhase;
			buildActionMask = 2147483647;
			files = (
				2A62F3E92FFF07150069F985 /* Icon.png in Resources */,
				2A62F3F22FFF07150069F985 /* Main.storyboard in Resources */,
				2A62F3ED2FFF07150069F985 /* Script.js in Resources */,
				2A62F3E72FFF07150069F985 /* Main.html in Resources */,
				2A62F3F42FFF07160069F985 /* Assets.xcassets in Resources */,
				2A62F3EB2FFF07150069F985 /* Style.css in Resources */,
			);
			runOnlyForDeploymentPostprocessing = 0;
		};
		2A62F3F82FFF07160069F985 /* Resources */ = {
			isa = PBXResourcesBuildPhase;
			buildActionMask = 2147483647;
			files = (
				2A62F4162FFF07170069F985 /* popup in Resources */,
				2A62F4192FFF07170069F985 /* shared in Resources */,
				2A62F4142FFF07170069F985 /* background in Resources */,
				2A62F4172FFF07170069F985 /* sleep in Resources */,
				2A62F41B2FFF07170069F985 /* manifest.json in Resources */,
				2A62F4152FFF07170069F985 /* options in Resources */,
				2A62F41A2FFF07170069F985 /* icons in Resources */,
				2A62F4182FFF07170069F985 /* content in Resources */,
			);
			runOnlyForDeploymentPostprocessing = 0;
		};
/* End PBXResourcesBuildPhase section */

/* Begin PBXSourcesBuildPhase section */
		2A62F3DB2FFF07150069F985 /* Sources */ = {
			isa = PBXSourcesBuildPhase;
			buildActionMask = 2147483647;
			files = (
				2A62F3EF2FFF07150069F985 /* ViewController.swift in Sources */,
				2A62F3E32FFF07150069F985 /* AppDelegate.swift in Sources */,
			);
			runOnlyForDeploymentPostprocessing = 0;
		};
		2A62F3F62FFF07160069F985 /* Sources */ = {
			isa = PBXSourcesBuildPhase;
			buildActionMask = 2147483647;
			files = (
				2A62F4002FFF07160069F985 /* SafariWebExtensionHandler.swift in Sources */,
			);
			runOnlyForDeploymentPostprocessing = 0;
		};
/* End PBXSourcesBuildPhase section */

/* Begin PBXTargetDependency section */
		2A62F3FD2FFF07160069F985 /* PBXTargetDependency */ = {
			isa = PBXTargetDependency;
			target = 2A62F3F92FFF07160069F985 /* Safari Tab Sleeper Extension */;
			targetProxy = 2A62F3FC2FFF07160069F985 /* PBXContainerItemProxy */;
		};
/* End PBXTargetDependency section */

/* Begin PBXVariantGroup section */
		2A62F3E52FFF07150069F985 /* Main.html */ = {
			isa = PBXVariantGroup;
			children = (
				2A62F3E62FFF07150069F985 /* Base */,
			);
			name = Main.html;
			sourceTree = "<group>";
		};
		2A62F3F02FFF07150069F985 /* Main.storyboard */ = {
			isa = PBXVariantGroup;
			children = (
				2A62F3F12FFF07150069F985 /* Base */,
			);
			name = Main.storyboard;
			sourceTree = "<group>";
		};
/* End PBXVariantGroup section */

/* Begin XCBuildConfiguration section */
		2A62F4022FFF07160069F985 /* Debug */ = {
			isa = XCBuildConfiguration;
			buildSettings = {
				ALWAYS_SEARCH_USER_PATHS = NO;
				ASSETCATALOG_COMPILER_GENERATE_SWIFT_ASSET_SYMBOL_EXTENSIONS = YES;
				CLANG_ANALYZER_NONNULL = YES;
				CLANG_ANALYZER_NUMBER_OBJECT_CONVERSION = YES_AGGRESSIVE;
				CLANG_CXX_LANGUAGE_STANDARD = "gnu++20";
				CLANG_ENABLE_MODULES = YES;
				CLANG_ENABLE_OBJC_ARC = YES;
				CLANG_ENABLE_OBJC_WEAK = YES;
				CLANG_WARN_BLOCK_CAPTURE_AUTORELEASING = YES;
				CLANG_WARN_BOOL_CONVERSION = YES;
				CLANG_WARN_COMMA = YES;
				CLANG_WARN_CONSTANT_CONVERSION = YES;
				CLANG_WARN_DEPRECATED_OBJC_IMPLEMENTATIONS = YES;
				CLANG_WARN_DIRECT_OBJC_ISA_USAGE = YES_ERROR;
				CLANG_WARN_DOCUMENTATION_COMMENTS = YES;
				CLANG_WARN_EMPTY_BODY = YES;
				CLANG_WARN_ENUM_CONVERSION = YES;
				CLANG_WARN_INFINITE_RECURSION = YES;
				CLANG_WARN_INT_CONVERSION = YES;
				CLANG_WARN_NON_LITERAL_NULL_CONVERSION = YES;
				CLANG_WARN_OBJC_IMPLICIT_RETAIN_SELF = YES;
				CLANG_WARN_OBJC_LITERAL_CONVERSION = YES;
				CLANG_WARN_OBJC_ROOT_CLASS = YES_ERROR;
				CLANG_WARN_QUOTED_INCLUDE_IN_FRAMEWORK_HEADER = YES;
				CLANG_WARN_RANGE_LOOP_ANALYSIS = YES;
				CLANG_WARN_STRICT_PROTOTYPES = YES;
				CLANG_WARN_SUSPICIOUS_MOVE = YES;
				CLANG_WARN_UNGUARDED_AVAILABILITY = YES_AGGRESSIVE;
				CLANG_WARN_UNREACHABLE_CODE = YES;
				CLANG_WARN__DUPLICATE_METHOD_MATCH = YES;
				COPY_PHASE_STRIP = NO;
				DEBUG_INFORMATION_FORMAT = dwarf;
				ENABLE_STRICT_OBJC_MSGSEND = YES;
				ENABLE_TESTABILITY = YES;
				ENABLE_USER_SCRIPT_SANDBOXING = YES;
				GCC_C_LANGUAGE_STANDARD = gnu17;
				GCC_DYNAMIC_NO_PIC = NO;
				GCC_NO_COMMON_BLOCKS = YES;
				GCC_OPTIMIZATION_LEVEL = 0;
				GCC_PREPROCESSOR_DEFINITIONS = (
					"DEBUG=1",
					"$(inherited)",
				);
				GCC_WARN_64_TO_32_BIT_CONVERSION = YES;
				GCC_WARN_ABOUT_RETURN_TYPE = YES_ERROR;
				GCC_WARN_UNDECLARED_SELECTOR = YES;
				GCC_WARN_UNINITIALIZED_AUTOS = YES_AGGRESSIVE;
				GCC_WARN_UNUSED_FUNCTION = YES;
				GCC_WARN_UNUSED_VARIABLE = YES;
				LOCALIZATION_PREFERS_STRING_CATALOGS = YES;
				MACOSX_DEPLOYMENT_TARGET = 15.7;
				MTL_ENABLE_DEBUG_INFO = INCLUDE_SOURCE;
				MTL_FAST_MATH = YES;
				ONLY_ACTIVE_ARCH = YES;
				SDKROOT = macosx;
				SWIFT_ACTIVE_COMPILATION_CONDITIONS = "DEBUG $(inherited)";
				SWIFT_OPTIMIZATION_LEVEL = "-Onone";
			};
			name = Debug;
		};
		2A62F4032FFF07160069F985 /* Release */ = {
			isa = XCBuildConfiguration;
			buildSettings = {
				ALWAYS_SEARCH_USER_PATHS = NO;
				ASSETCATALOG_COMPILER_GENERATE_SWIFT_ASSET_SYMBOL_EXTENSIONS = YES;
				CLANG_ANALYZER_NONNULL = YES;
				CLANG_ANALYZER_NUMBER_OBJECT_CONVERSION = YES_AGGRESSIVE;
				CLANG_CXX_LANGUAGE_STANDARD = "gnu++20";
				CLANG_ENABLE_MODULES = YES;
				CLANG_ENABLE_OBJC_ARC = YES;
				CLANG_ENABLE_OBJC_WEAK = YES;
				CLANG_WARN_BLOCK_CAPTURE_AUTORELEASING = YES;
				CLANG_WARN_BOOL_CONVERSION = YES;
				CLANG_WARN_COMMA = YES;
				CLANG_WARN_CONSTANT_CONVERSION = YES;
				CLANG_WARN_DEPRECATED_OBJC_IMPLEMENTATIONS = YES;
				CLANG_WARN_DIRECT_OBJC_ISA_USAGE = YES_ERROR;
				CLANG_WARN_DOCUMENTATION_COMMENTS = YES;
				CLANG_WARN_EMPTY_BODY = YES;
				CLANG_WARN_ENUM_CONVERSION = YES;
				CLANG_WARN_INFINITE_RECURSION = YES;
				CLANG_WARN_INT_CONVERSION = YES;
				CLANG_WARN_NON_LITERAL_NULL_CONVERSION = YES;
				CLANG_WARN_OBJC_IMPLICIT_RETAIN_SELF = YES;
				CLANG_WARN_OBJC_LITERAL_CONVERSION = YES;
				CLANG_WARN_OBJC_ROOT_CLASS = YES_ERROR;
				CLANG_WARN_QUOTED_INCLUDE_IN_FRAMEWORK_HEADER = YES;
				CLANG_WARN_RANGE_LOOP_ANALYSIS = YES;
				CLANG_WARN_STRICT_PROTOTYPES = YES;
				CLANG_WARN_SUSPICIOUS_MOVE = YES;
				CLANG_WARN_UNGUARDED_AVAILABILITY = YES_AGGRESSIVE;
				CLANG_WARN_UNREACHABLE_CODE = YES;
				CLANG_WARN__DUPLICATE_METHOD_MATCH = YES;
				COPY_PHASE_STRIP = NO;
				DEBUG_INFORMATION_FORMAT = "dwarf-with-dsym";
				ENABLE_NS_ASSERTIONS = NO;
				ENABLE_STRICT_OBJC_MSGSEND = YES;
				ENABLE_USER_SCRIPT_SANDBOXING = YES;
				GCC_C_LANGUAGE_STANDARD = gnu17;
				GCC_NO_COMMON_BLOCKS = YES;
				GCC_WARN_64_TO_32_BIT_CONVERSION = YES;
				GCC_WARN_ABOUT_RETURN_TYPE = YES_ERROR;
				GCC_WARN_UNDECLARED_SELECTOR = YES;
				GCC_WARN_UNINITIALIZED_AUTOS = YES_AGGRESSIVE;
				GCC_WARN_UNUSED_FUNCTION = YES;
				GCC_WARN_UNUSED_VARIABLE = YES;
				LOCALIZATION_PREFERS_STRING_CATALOGS = YES;
				MACOSX_DEPLOYMENT_TARGET = 15.7;
				MTL_ENABLE_DEBUG_INFO = NO;
				MTL_FAST_MATH = YES;
				SDKROOT = macosx;
				SWIFT_COMPILATION_MODE = wholemodule;
			};
			name = Release;
		};
		2A62F4052FFF07160069F985 /* Debug */ = {
			isa = XCBuildConfiguration;
			buildSettings = {
				CODE_SIGN_IDENTITY = "Apple Development";
				CODE_SIGN_STYLE = Manual;
				CURRENT_PROJECT_VERSION = 3;
				DEVELOPMENT_TEAM = 9XA7B9KQPF;
				ENABLE_APP_SANDBOX = YES;
				ENABLE_HARDENED_RUNTIME = YES;
				ENABLE_USER_SELECTED_FILES = readonly;
				GENERATE_INFOPLIST_FILE = YES;
				INFOPLIST_FILE = "Safari Tab Sleeper Extension/Info.plist";
				INFOPLIST_KEY_CFBundleDisplayName = "Safari Tab Sleeper Extension";
				INFOPLIST_KEY_NSHumanReadableCopyright = "";
				LD_RUNPATH_SEARCH_PATHS = (
					"$(inherited)",
					"@executable_path/../Frameworks",
					"@executable_path/../../../../Frameworks",
				);
				MACOSX_DEPLOYMENT_TARGET = 10.14;
				MARKETING_VERSION = 0.1.2;
				OTHER_LDFLAGS = (
					"-framework",
					SafariServices,
				);
				PRODUCT_BUNDLE_IDENTIFIER = "com.local.safari-tab-sleeper.Extension";
				PRODUCT_NAME = "$(TARGET_NAME)";
				SKIP_INSTALL = YES;
				STRING_CATALOG_GENERATE_SYMBOLS = YES;
				SWIFT_APPROACHABLE_CONCURRENCY = YES;
				SWIFT_EMIT_LOC_STRINGS = YES;
				SWIFT_UPCOMING_FEATURE_MEMBER_IMPORT_VISIBILITY = YES;
				SWIFT_VERSION = 5.0;
			};
			name = Debug;
		};
		2A62F4062FFF07160069F985 /* Release */ = {
			isa = XCBuildConfiguration;
			buildSettings = {
				CODE_SIGN_IDENTITY = "Apple Development";
				CODE_SIGN_STYLE = Manual;
				CURRENT_PROJECT_VERSION = 3;
				DEVELOPMENT_TEAM = 9XA7B9KQPF;
				ENABLE_APP_SANDBOX = YES;
				ENABLE_HARDENED_RUNTIME = YES;
				ENABLE_USER_SELECTED_FILES = readonly;
				GENERATE_INFOPLIST_FILE = YES;
				INFOPLIST_FILE = "Safari Tab Sleeper Extension/Info.plist";
				INFOPLIST_KEY_CFBundleDisplayName = "Safari Tab Sleeper Extension";
				INFOPLIST_KEY_NSHumanReadableCopyright = "";
				LD_RUNPATH_SEARCH_PATHS = (
					"$(inherited)",
					"@executable_path/../Frameworks",
					"@executable_path/../../../../Frameworks",
				);
				MACOSX_DEPLOYMENT_TARGET = 10.14;
				MARKETING_VERSION = 0.1.2;
				OTHER_LDFLAGS = (
					"-framework",
					SafariServices,
				);
				PRODUCT_BUNDLE_IDENTIFIER = "com.local.safari-tab-sleeper.Extension";
				PRODUCT_NAME = "$(TARGET_NAME)";
				SKIP_INSTALL = YES;
				STRING_CATALOG_GENERATE_SYMBOLS = YES;
				SWIFT_APPROACHABLE_CONCURRENCY = YES;
				SWIFT_EMIT_LOC_STRINGS = YES;
				SWIFT_UPCOMING_FEATURE_MEMBER_IMPORT_VISIBILITY = YES;
				SWIFT_VERSION = 5.0;
			};
			name = Release;
		};
		2A62F4092FFF07160069F985 /* Debug */ = {
			isa = XCBuildConfiguration;
			buildSettings = {
				ASSETCATALOG_COMPILER_APPICON_NAME = AppIcon;
				ASSETCATALOG_COMPILER_GLOBAL_ACCENT_COLOR_NAME = AccentColor;
				CODE_SIGN_IDENTITY = "Apple Development";
				CODE_SIGN_STYLE = Manual;
				COMBINE_HIDPI_IMAGES = YES;
				CURRENT_PROJECT_VERSION = 3;
				DEVELOPMENT_TEAM = 9XA7B9KQPF;
				ENABLE_APP_SANDBOX = YES;
				ENABLE_HARDENED_RUNTIME = YES;
				ENABLE_OUTGOING_NETWORK_CONNECTIONS = YES;
				ENABLE_USER_SELECTED_FILES = readonly;
				GENERATE_INFOPLIST_FILE = YES;
				INFOPLIST_FILE = "Safari Tab Sleeper/Info.plist";
				INFOPLIST_KEY_CFBundleDisplayName = "Safari Tab Sleeper";
				INFOPLIST_KEY_NSHumanReadableCopyright = "";
				INFOPLIST_KEY_NSMainStoryboardFile = Main;
				INFOPLIST_KEY_NSPrincipalClass = NSApplication;
				LD_RUNPATH_SEARCH_PATHS = (
					"$(inherited)",
					"@executable_path/../Frameworks",
				);
				MARKETING_VERSION = 0.1.2;
				OTHER_LDFLAGS = (
					"-framework",
					SafariServices,
					"-framework",
					WebKit,
				);
				PRODUCT_BUNDLE_IDENTIFIER = "com.local.safari-tab-sleeper";
				PRODUCT_NAME = "$(TARGET_NAME)";
				REGISTER_APP_GROUPS = YES;
				STRING_CATALOG_GENERATE_SYMBOLS = YES;
				SWIFT_APPROACHABLE_CONCURRENCY = YES;
				SWIFT_DEFAULT_ACTOR_ISOLATION = MainActor;
				SWIFT_EMIT_LOC_STRINGS = YES;
				SWIFT_UPCOMING_FEATURE_MEMBER_IMPORT_VISIBILITY = YES;
				SWIFT_VERSION = 5.0;
			};
			name = Debug;
		};
		2A62F40A2FFF07160069F985 /* Release */ = {
			isa = XCBuildConfiguration;
			buildSettings = {
				ASSETCATALOG_COMPILER_APPICON_NAME = AppIcon;
				ASSETCATALOG_COMPILER_GLOBAL_ACCENT_COLOR_NAME = AccentColor;
				CODE_SIGN_IDENTITY = "Apple Development";
				CODE_SIGN_STYLE = Manual;
				COMBINE_HIDPI_IMAGES = YES;
				CURRENT_PROJECT_VERSION = 3;
				DEVELOPMENT_TEAM = 9XA7B9KQPF;
				ENABLE_APP_SANDBOX = YES;
				ENABLE_HARDENED_RUNTIME = YES;
				ENABLE_OUTGOING_NETWORK_CONNECTIONS = YES;
				ENABLE_USER_SELECTED_FILES = readonly;
				GENERATE_INFOPLIST_FILE = YES;
				INFOPLIST_FILE = "Safari Tab Sleeper/Info.plist";
				INFOPLIST_KEY_CFBundleDisplayName = "Safari Tab Sleeper";
				INFOPLIST_KEY_NSHumanReadableCopyright = "";
				INFOPLIST_KEY_NSMainStoryboardFile = Main;
				INFOPLIST_KEY_NSPrincipalClass = NSApplication;
				LD_RUNPATH_SEARCH_PATHS = (
					"$(inherited)",
					"@executable_path/../Frameworks",
				);
				MARKETING_VERSION = 0.1.2;
				OTHER_LDFLAGS = (
					"-framework",
					SafariServices,
					"-framework",
					WebKit,
				);
				PRODUCT_BUNDLE_IDENTIFIER = "com.local.safari-tab-sleeper";
				PRODUCT_NAME = "$(TARGET_NAME)";
				REGISTER_APP_GROUPS = YES;
				STRING_CATALOG_GENERATE_SYMBOLS = YES;
				SWIFT_APPROACHABLE_CONCURRENCY = YES;
				SWIFT_DEFAULT_ACTOR_ISOLATION = MainActor;
				SWIFT_EMIT_LOC_STRINGS = YES;
				SWIFT_UPCOMING_FEATURE_MEMBER_IMPORT_VISIBILITY = YES;
				SWIFT_VERSION = 5.0;
			};
			name = Release;
		};
/* End XCBuildConfiguration section */

/* Begin XCConfigurationList section */
		2A62F3DA2FFF07150069F985 /* Build configuration list for PBXProject "Safari Tab Sleeper" */ = {
			isa = XCConfigurationList;
			buildConfigurations = (
				2A62F4022FFF07160069F985 /* Debug */,
				2A62F4032FFF07160069F985 /* Release */,
			);
			defaultConfigurationIsVisible = 0;
			defaultConfigurationName = Release;
		};
		2A62F4042FFF07160069F985 /* Build configuration list for PBXNativeTarget "Safari Tab Sleeper Extension" */ = {
			isa = XCConfigurationList;
			buildConfigurations = (
				2A62F4052FFF07160069F985 /* Debug */,
				2A62F4062FFF07160069F985 /* Release */,
			);
			defaultConfigurationIsVisible = 0;
			defaultConfigurationName = Release;
		};
		2A62F4082FFF07160069F985 /* Build configuration list for PBXNativeTarget "Safari Tab Sleeper" */ = {
			isa = XCConfigurationList;
			buildConfigurations = (
				2A62F4092FFF07160069F985 /* Debug */,
				2A62F40A2FFF07160069F985 /* Release */,
			);
			defaultConfigurationIsVisible = 0;
			defaultConfigurationName = Release;
		};
/* End XCConfigurationList section */
	};
	rootObject = 2A62F3D72FFF07150069F985 /* Project object */;
}
